
Microsoft Visual Studio Solution File, Format Version 12.00
# Visual Studio Version 16
VisualStudioVersion = 16.0.29230.47
MinimumVisualStudioVersion = 10.0.40219.1
Project("{FAE04EC0-301F-11D3-BF4B-00C04F79EFBC}") = "HowdyHack2019", "HowdyHack2019\HowdyHack2019.csproj", "{2804E3C5-0D92-4618-BB9C-26FBA9ECE6E4}"
EndProject
Global
	GlobalSection(SolutionConfigurationPlatforms) = preSolution
		Debug|Any CPU = Debug|Any CPU
		Release|Any CPU = Release|Any CPU
	EndGlobalSection
	GlobalSection(ProjectConfigurationPlatforms) = postSolution
		{2804E3C5-0D92-4618-BB9C-26FBA9ECE6E4}.Debug|Any CPU.ActiveCfg = Debug|Any CPU
		{2804E3C5-0D92-4618-BB9C-26FBA9ECE6E4}.Debug|Any CPU.Build.0 = Debug|Any CPU
		{2804E3C5-0D92-4618-BB9C-26FBA9ECE6E4}.Release|Any CPU.ActiveCfg = Release|Any CPU
		{2804E3C5-0D92-4618-BB9C-26FBA9ECE6E4}.Release|Any CPU.Build.0 = Release|Any CPU
	EndGlobalSection
	GlobalSection(SolutionProperties) = preSolution
		HideSolutionNode = FALSE
	EndGlobalSection
	GlobalSection(ExtensibilityGlobals) = postSolution
		SolutionGuid = {7A38AF9A-0BAA-4589-83A7-221027EC9EF3}
	EndGlobalSection
EndGlobal
